
Microsoft Visual Studio Solution File, Format Version 12.00
# Visual Studio Version 16
VisualStudioVersion = 16.0.30907.101
MinimumVisualStudioVersion = 10.0.40219.1
Project("{FAE04EC0-301F-11D3-BF4B-00C04F79EFBC}") = "my-books", "my-books\my-books.csproj", "{08457E93-0B86-4254-9E34-4AC19307417B}"
EndProject
Global
	GlobalSection(SolutionConfigurationPlatforms) = preSolution
		Debug|Any CPU = Debug|Any CPU
		Release|Any CPU = Release|Any CPU
	EndGlobalSection
	GlobalSection(ProjectConfigurationPlatforms) = postSolution
		{08457E93-0B86-4254-9E34-4AC19307417B}.Debug|Any CPU.ActiveCfg = Debug|Any CPU
		{08457E93-0B86-4254-9E34-4AC19307417B}.Debug|Any CPU.Build.0 = Debug|Any CPU
		{08457E93-0B86-4254-9E34-4AC19307417B}.Release|Any CPU.ActiveCfg = Release|Any CPU
		{08457E93-0B86-4254-9E34-4AC19307417B}.Release|Any CPU.Build.0 = Release|Any CPU
	EndGlobalSection
	GlobalSection(SolutionProperties) = preSolution
		HideSolutionNode = FALSE
	EndGlobalSection
	GlobalSection(ExtensibilityGlobals) = postSolution
		SolutionGuid = {96425106-A1F9-4035-97BF-911E9C123619}
	EndGlobalSection
EndGlobal
